
Microsoft Visual Studio Solution File, Format Version 12.00
# Visual Studio Version 17
VisualStudioVersion = 17.12.35506.116
MinimumVisualStudioVersion = 10.0.40219.1
Project("{54A90642-561A-4BB1-A94E-469ADEE60C69}") = "prova-pratica-mazzafc.UI", "prova-pratica-mazzafc.UI\prova-pratica-mazzafc.UI.esproj", "{2BD95BCD-BCF0-4BBB-A3C7-816EA3F78EE1}"
EndProject
Project("{2150E333-8FDC-42A3-9474-1A3956D46DE8}") = "01 Application", "01 Application", "{8184800A-0E81-4948-9281-D70A7CE6FF8D}"
EndProject
Project("{FAE04EC0-301F-11D3-BF4B-00C04F79EFBC}") = "prova-pratica-mazzafc.Host", "prova-pratica-mazzafc.Host\prova-pratica-mazzafc.Host.csproj", "{932977B4-DF16-447E-A8F6-C9E095933978}"
EndProject
Project("{2150E333-8FDC-42A3-9474-1A3956D46DE8}") = "02 Domain", "02 Domain", "{137C3DB3-FA75-421C-8258-49A7653187E1}"
EndProject
Project("{2150E333-8FDC-42A3-9474-1A3956D46DE8}") = "03 Infra", "03 Infra", "{85D94954-A4B6-43F8-855A-A93C1EB1487F}"
EndProject
Project("{FAE04EC0-301F-11D3-BF4B-00C04F79EFBC}") = "prova-pratica-mazzafc.Models", "prova-pratica-mazzafc.Models\prova-pratica-mazzafc.Models.csproj", "{70CB8158-93A6-4426-80FA-5DAE38B7F5E2}"
EndProject
Project("{FAE04EC0-301F-11D3-BF4B-00C04F79EFBC}") = "prova-pratica-mazzafc.Business", "prova-pratica-mazzafc.Service\prova-pratica-mazzafc.Business.csproj", "{7007FDC0-5EE1-43E2-A5AC-A4D54E22D383}"
EndProject
Project("{FAE04EC0-301F-11D3-BF4B-00C04F79EFBC}") = "prova-pratica-mazzafc.Repository", "prova-pratica-mazzafc.Repository\prova-pratica-mazzafc.Repository.csproj", "{9B0181B0-6625-433B-9815-ECDE94BDEB7D}"
EndProject
Project("{2150E333-8FDC-42A3-9474-1A3956D46DE8}") = "04 IOC", "04 IOC", "{18D2AF7B-812C-45A2-89B6-912E54050C09}"
EndProject
Project("{FAE04EC0-301F-11D3-BF4B-00C04F79EFBC}") = "prova-pratica-mazzafc.Ioc", "prova-pratica-mazzafc.Ioc\prova-pratica-mazzafc.Ioc.csproj", "{7C62EEE7-B0BF-4243-B397-DECBA31D5AD3}"
EndProject
Project("{FAE04EC0-301F-11D3-BF4B-00C04F79EFBC}") = "prova-pratica-mazzafc.Util", "prova-pratica-mazzafc.Util\prova-pratica-mazzafc.Util.csproj", "{B24F99C2-D13A-4A33-9DC2-800A8E9C4406}"
EndProject
Global
	GlobalSection(SolutionConfigurationPlatforms) = preSolution
		Debug|Any CPU = Debug|Any CPU
		Release|Any CPU = Release|Any CPU
	EndGlobalSection
	GlobalSection(ProjectConfigurationPlatforms) = postSolution
		{2BD95BCD-BCF0-4BBB-A3C7-816EA3F78EE1}.Debug|Any CPU.ActiveCfg = Debug|Any CPU
		{2BD95BCD-BCF0-4BBB-A3C7-816EA3F78EE1}.Debug|Any CPU.Build.0 = Debug|Any CPU
		{2BD95BCD-BCF0-4BBB-A3C7-816EA3F78EE1}.Debug|Any CPU.Deploy.0 = Debug|Any CPU
		{2BD95BCD-BCF0-4BBB-A3C7-816EA3F78EE1}.Release|Any CPU.ActiveCfg = Release|Any CPU
		{2BD95BCD-BCF0-4BBB-A3C7-816EA3F78EE1}.Release|Any CPU.Build.0 = Release|Any CPU
		{2BD95BCD-BCF0-4BBB-A3C7-816EA3F78EE1}.Release|Any CPU.Deploy.0 = Release|Any CPU
		{932977B4-DF16-447E-A8F6-C9E095933978}.Debug|Any CPU.ActiveCfg = Debug|Any CPU
		{932977B4-DF16-447E-A8F6-C9E095933978}.Debug|Any CPU.Build.0 = Debug|Any CPU
		{932977B4-DF16-447E-A8F6-C9E095933978}.Release|Any CPU.ActiveCfg = Release|Any CPU
		{932977B4-DF16-447E-A8F6-C9E095933978}.Release|Any CPU.Build.0 = Release|Any CPU
		{70CB8158-93A6-4426-80FA-5DAE38B7F5E2}.Debug|Any CPU.ActiveCfg = Debug|Any CPU
		{70CB8158-93A6-4426-80FA-5DAE38B7F5E2}.Debug|Any CPU.Build.0 = Debug|Any CPU
		{70CB8158-93A6-4426-80FA-5DAE38B7F5E2}.Release|Any CPU.ActiveCfg = Release|Any CPU
		{70CB8158-93A6-4426-80FA-5DAE38B7F5E2}.Release|Any CPU.Build.0 = Release|Any CPU
		{7007FDC0-5EE1-43E2-A5AC-A4D54E22D383}.Debug|Any CPU.ActiveCfg = Debug|Any CPU
		{7007FDC0-5EE1-43E2-A5AC-A4D54E22D383}.Debug|Any CPU.Build.0 = Debug|Any CPU
		{7007FDC0-5EE1-43E2-A5AC-A4D54E22D383}.Release|Any CPU.ActiveCfg = Release|Any CPU
		{7007FDC0-5EE1-43E2-A5AC-A4D54E22D383}.Release|Any CPU.Build.0 = Release|Any CPU
		{9B0181B0-6625-433B-9815-ECDE94BDEB7D}.Debug|Any CPU.ActiveCfg = Debug|Any CPU
		{9B0181B0-6625-433B-9815-ECDE94BDEB7D}.Debug|Any CPU.Build.0 = Debug|Any CPU
		{9B0181B0-6625-433B-9815-ECDE94BDEB7D}.Release|Any CPU.ActiveCfg = Release|Any CPU
		{9B0181B0-6625-433B-9815-ECDE94BDEB7D}.Release|Any CPU.Build.0 = Release|Any CPU
		{7C62EEE7-B0BF-4243-B397-DECBA31D5AD3}.Debug|Any CPU.ActiveCfg = Debug|Any CPU
		{7C62EEE7-B0BF-4243-B397-DECBA31D5AD3}.Debug|Any CPU.Build.0 = Debug|Any CPU
		{7C62EEE7-B0BF-4243-B397-DECBA31D5AD3}.Release|Any CPU.ActiveCfg = Release|Any CPU
		{7C62EEE7-B0BF-4243-B397-DECBA31D5AD3}.Release|Any CPU.Build.0 = Release|Any CPU
		{B24F99C2-D13A-4A33-9DC2-800A8E9C4406}.Debug|Any CPU.ActiveCfg = Debug|Any CPU
		{B24F99C2-D13A-4A33-9DC2-800A8E9C4406}.Debug|Any CPU.Build.0 = Debug|Any CPU
		{B24F99C2-D13A-4A33-9DC2-800A8E9C4406}.Release|Any CPU.ActiveCfg = Release|Any CPU
		{B24F99C2-D13A-4A33-9DC2-800A8E9C4406}.Release|Any CPU.Build.0 = Release|Any CPU
	EndGlobalSection
	GlobalSection(SolutionProperties) = preSolution
		HideSolutionNode = FALSE
	EndGlobalSection
	GlobalSection(NestedProjects) = preSolution
		{2BD95BCD-BCF0-4BBB-A3C7-816EA3F78EE1} = {8184800A-0E81-4948-9281-D70A7CE6FF8D}
		{932977B4-DF16-447E-A8F6-C9E095933978} = {8184800A-0E81-4948-9281-D70A7CE6FF8D}
		{70CB8158-93A6-4426-80FA-5DAE38B7F5E2} = {137C3DB3-FA75-421C-8258-49A7653187E1}
		{7007FDC0-5EE1-43E2-A5AC-A4D54E22D383} = {137C3DB3-FA75-421C-8258-49A7653187E1}
		{9B0181B0-6625-433B-9815-ECDE94BDEB7D} = {85D94954-A4B6-43F8-855A-A93C1EB1487F}
		{7C62EEE7-B0BF-4243-B397-DECBA31D5AD3} = {18D2AF7B-812C-45A2-89B6-912E54050C09}
		{B24F99C2-D13A-4A33-9DC2-800A8E9C4406} = {137C3DB3-FA75-421C-8258-49A7653187E1}
	EndGlobalSection
EndGlobal
